{
  "name": "ng-fa",
  "version": "0.0.1",
  "lockfileVersion": 1,
  "requires": true,
  "dependencies": {
    "@fortawesome/angular-fontawesome": {
      "version": "0.3.0",
      "resolved": "https://registry.npmjs.org/@fortawesome/angular-fontawesome/-/angular-fontawesome-0.3.0.tgz",
      "integrity": "sha512-wXvyPI7GidoNiqeMz2re9iemUMFH4zBmuv94CfXlaanQ8+kMP/fYs/k69PLVN1KsebQY4kRA9GHmc1U1ndBkJg==",
      "requires": {
        "tslib": "^1.9.0"
      }
    },
    "@fortawesome/fontawesome-common-types": {
      "version": "0.2.10",
      "resolved": "https://registry.npmjs.org/@fortawesome/fontawesome-common-types/-/fontawesome-common-types-0.2.10.tgz",
      "integrity": "sha512-FbrzSgFDzoC6Dm8w7gCWxgdffFbYV7O/4THOtYDQEplZVOpYIA3vjgnxCXApY49YaIQ91mxIGROS3d7wS+fO3A=="
    },
    "@fortawesome/fontawesome-svg-core": {
      "version": "1.2.10",
      "resolved": "https://registry.npmjs.org/@fortawesome/fontawesome-svg-core/-/fontawesome-svg-core-1.2.10.tgz",
      "integrity": "sha512-x9rYQ4jPVWnXgsle/MzaV2qDwNfc1Gm5DB0T76WOp4RDZ/esjEE0OvKtMa2qFvG1NqYbelgN4gChA+ttAqPtaw==",
      "requires": {
        "@fortawesome/fontawesome-common-types": "^0.2.10"
      }
    },
    "@fortawesome/free-regular-svg-icons": {
      "version": "5.6.1",
      "resolved": "https://registry.npmjs.org/@fortawesome/free-regular-svg-icons/-/free-regular-svg-icons-5.6.1.tgz",
      "integrity": "sha512-5ztVA0cdbY+uMi1huFdC5gQTmsTMT3x87Ow7kN89ZbtaQcEcVG9l7h1+KIN5CrtQ5+ihdkDZdbZh7yqAlGDjaA==",
      "requires": {
        "@fortawesome/fontawesome-common-types": "^0.2.10"
      }
    },
    "tslib": {
      "version": "1.9.3",
      "resolved": "https://registry.npmjs.org/tslib/-/tslib-1.9.3.tgz",
      "integrity": "sha512-4krF8scpejhaOgqzBEcGM7yDIEfi0/8+8zDRZhNZZ2kjmHJ4hv3zCbQWxoJGz1iw5U0Jl0nma13xzHXcncMavQ=="
    }
  }
}
